{
    "_meta": {
        "hash": {
            "sha256": "19fd3c3137fc36c5c6d8cdb8e5c20f1a68e6cde9bd98aca531567ae9b44218f0"
        },
        "pipfile-spec": 6,
        "requires": {
            "python_version": "3.6"
        },
        "sources": [
            {
                "name": "pypi",
                "url": "https://pypi.org/simple",
                "verify_ssl": true
            }
        ]
    },
    "default": {
        "backports.weakref": {
            "hashes": [
                "sha256:622badff14e0b62703b479244e2ebde2f1c19c266a1edc00608232f4dd3544f4",
                "sha256:6ff84f79217c2b24124866dbed82b7a1f62bd6d7d09ef43d9508deae2baaed87",
                "sha256:8813bf712a66b3d8b85dc289e1104ed220f1878cf981e2fe756dfaabe9a82892"
            ],
            "index": "pypi",
            "version": "==1.0rc1"
        },
        "bleach": {
            "hashes": [
                "sha256:978e758599b54cd3caa2e160d74102879b230ea8dc93871d0783721eef58bc65",
                "sha256:e67f46adcec78dbc3c04462f3aba3213a673d5652eba2609ed1ef15492a44b8d"
            ],
            "index": "pypi",
            "version": "==1.5.0"
        },
        "cycler": {
            "hashes": [
                "sha256:1d8a5ae1ff6c5cf9b93e8811e581232ad8920aeec647c37316ceac982b08cb2d",
                "sha256:cd7b2d1018258d7247a71425e9f26463dfb444d411c39569972f4ce586b0c9d8"
            ],
            "index": "pypi",
            "version": "==0.10.0"
        },
        "decorator": {
            "hashes": [
                "sha256:7cb64d38cb8002971710c8899fbdfb859a23a364b7c99dab19d1f719c2ba16b5",
                "sha256:95a26b17806e284452bfd97fa20aa1e8cb4ee23542bda4dbac5e4562aa1642cd"
            ],
            "index": "pypi",
            "version": "==4.1.2"
        },
        "h5py": {
            "hashes": [
                "sha256:02c625ae0b05bc5773cc4ebe7fb4325e00171752f25484c5bd3b3bff90dd0ff4",
                "sha256:065eb517aeac99901e7e3e797c390c3da73ce7a07c311e4f641e6507d212327b",
                "sha256:154750cfb37a7879844b118a317a3408f928ebadab0925070461d2aad9f1be47",
                "sha256:1a5d92e91dc78acf6fc2269251bb359548511deb96a561d65bd03e98e128eb77",
                "sha256:1d761f303e2aa1e71b310176d402adccdc6064a1529f08010ead813cd677db1a",
                "sha256:26a11956cc74571c66fcce2db80cef61887621e1339f8432a05d1f1ba6b9f325",
                "sha256:2db2b5d14887930057f3071ba1fbb17862d0d15653043455fa1aade6df8561f5",
                "sha256:3f24b2fb80e550f24679020af3bebdcb07839d45c1e60dff272bce0228bd539a",
                "sha256:4ce87d05ddd99c3d93b92cff57d0ff7cc3bc3b8c9337b7ae176b0530b90baad2",
                "sha256:531ecbe9530ae7f0245b99d447ad2d0dc1622518ce2181ae84febd6f2e9fec9d",
                "sha256:70fa8413567d0d2e63f32b1a1dbb1e23250be6d2a5034e616c9952c722e0982b",
                "sha256:79254312df2e6154c4928f5e3b22f7a2847b6e5ffb05ddc33e37b16e76d36310",
                "sha256:908a3c3b9dc6e1f9e4026b1493947db559e48ed718d4d05655cbfe97528161c1",
                "sha256:b5f130a7b49f0547a9d43c0090be59d09b7ebb8255dae0a2446513640709c7b1",
                "sha256:b97d57f12e6a6e45532fd3625d913c6b01a684d142622e8d433ab571cdc74692",
                "sha256:c08b1fd37a86400cd99c470412098c920e5f04641977ea22724a67983e91efde",
                "sha256:c3071492d75ba2a92a9f0fcb17e31a041273fe5fa4166bc3ab27cddfcc31d474",
                "sha256:c38755c97bcc4b5fb6c230ed8b07ab3d606e73e58212e72363d6fd49371cc228",
                "sha256:c3d0653ae907e9e2824276aec59481ede814d81e031749c670102d193500b0bf",
                "sha256:d8e0b16b2e422f4d76ae5513cb0acda42f7a2b9eb602e3eea7fc4b948d0d8eb4",
                "sha256:e61a2d1c267377eb090f79485c59ca7932a9bed3ac86231c9a10b3c349bb9521",
                "sha256:eee52414b189b8bce8718e3b1a23afd14212ca4a269640bf07e7f7f20a3d9f49",
                "sha256:fb41259fbbfb5898013dbcd2d1e4951847bf4d4395f77071b902107564692fec"
            ],
            "index": "pypi",
            "version": "==2.7.0"
        },
        "html5lib": {
            "hashes": [
                "sha256:2612a191a8d5842bfa057e41ba50bbb9dcb722419d2408c78cff4758d0754868"
            ],
            "index": "pypi",
            "version": "==0.9999999"
        },
        "markdown": {
            "hashes": [
                "sha256:0ac8a81e658167da95d063a9279c9c1b2699f37c7c4153256a458b3a43860e33"
            ],
            "index": "pypi",
            "version": "==2.6.8"
        },
        "matplotlib": {
            "hashes": [
                "sha256:025f49079f840dc887e593d86aa0cc02671bd9363919f209c1145fc12743df94",
                "sha256:0ffbc44faa34a8b1704bc108c451ecf87988f900ef7ce757b8e2e84383121ff1",
                "sha256:1da49090f6286f54cdbccc423bed35417f621172d9aecbfc9608b87b99a73a11",
                "sha256:2a251c6c87cceb4677e3c35a8e1c73973d05025d8ed6322861102e1a336db5f8",
                "sha256:30a3d8700dcad90eb43dcbde5107ccc5ec67241f34de377de11dbef371e4a683",
                "sha256:481da65b536183497952d0f620defea88206edb8387839a2802951956492cb1d",
                "sha256:64410b788c81e1f50ad7066d245e0a3421fbc278d2e26c34e2e4681f2a023b64",
                "sha256:647c02a9f333cb7055f42527cf2bd85fb3615fd8de0cce4648d327efaffe5458",
                "sha256:64dcf5e99d6c0b100903d4c8a339dbac6e0822870ef420fc09f656deb1dd73c6",
                "sha256:7671819e29e43635f4e1fddc06dd86cd9d5a2fdeb67312538791e222e7ae3af7",
                "sha256:8168cc902aaa965f033c099238b80f5a8853664324c5837b10fee688c12ec3b6",
                "sha256:8814f728b1f037ebc20e7216f0c498bdd17daefa1a44d99f2466a4c21d0ff541",
                "sha256:8e009ec991f39dc1c0f6f891bfb68e794a08ac98b5c343274099da2865e2f932",
                "sha256:afd8cb8194ee5500d7b5b9be034d9c13b0a3db0288d8988abaaa94b4ec7bbca5",
                "sha256:c23aca1fb3546b4b60a8ff16c1318874da05bf0dc47accd9cd818a99ad7b35d2",
                "sha256:c7bae47ab1c15da0265f8aa2d183457afd05c78fbb77e960a346bc87b3fdb57c",
                "sha256:d0da5ceba1a77130603b7b8cc3e5b8c58b7e733d3948fcec1fcf4aa812b024cc",
                "sha256:ec9f09fd35624b735271997527e2c2fd7f905d1612ce5dabdda4836a15ab7411"
            ],
            "index": "pypi",
            "version": "==2.0.2"
        },
        "networkx": {
            "hashes": [
                "sha256:0d0e70e10dfb47601cbb3425a00e03e2a2e97477be6f80638fef91d54dd1e4b8",
                "sha256:1b229b54fe9ccb009cee4de02a88552191497a542a7d5d34adab216b9f15c1ff",
                "sha256:38e6bd32c0a2ad26439489d9b51e2684c01f352b536aaabbe499a3ad8c89f52b",
                "sha256:3fbc044a40bc847ae28b65850b759f3d6c697ee7ff459a02dc8f8bc4d849dc7e",
                "sha256:b3e0144d5fe6b7479b694e1b598a5545a38f3fc6f1e3c09173eb30f0c7a5770e"
            ],
            "index": "pypi",
            "version": "==1.11"
        },
        "numpy": {
            "hashes": [
                "sha256:02e6279d95081086469e6ed83c708c4c48ed03a28ab87c71bea28af3b95fa56d",
                "sha256:05a7a81397e1391ae34cc0d14764a31ab6f73dbd0abe0952b3550d3ad4df265d",
                "sha256:1400ec59c7f6c4f9390cc3bc5e56a6cbae2c30b39024eef317a0b52fe9c174c6",
                "sha256:1980c4bc1eb495624c8414f3763da83b91d37c3c69772ab6912e9a857a143cdb",
                "sha256:405c3dbb6a57415ec8576ff1c0248f332ac1c3be2e5eea04d498dad8431bf57b",
                "sha256:42b3cf886701bb16f3bdf2ae6c39af67b464cdd67d5fc86619ef2a876a23de27",
                "sha256:436d47018c3cd2b9723ed3cd4ed4698ea7641449c71096781478ef6a20ae3bd0",
                "sha256:43722270fbfb07d91558985a3da37aa92a2d4e2d271182526959a5773f9fb12a",
                "sha256:4b7da62ba159bfc5fee6f54709b0708686ee15081f16dc5f81cda7f1e0e77941",
                "sha256:73fd54d9787f4f8747f823a7e2d0693da94c66b670ccf436e4bb488bbcd5ce8c",
                "sha256:838e48df3703c8747f355cd6386e0680b906a2f7b2bbd304e8a2d531692484ce",
                "sha256:91a4f5c6594a61b57b0ab6031a084fa3686b1e847cc2215983e444583594b529",
                "sha256:94cb6ef9ffd15d7d904d0825ada642a51dc8890cdc06f1e4fb8e46cff79fe2ef",
                "sha256:9a8515002f143a5934f25ad2aacdfd1fcf57a7f5da6142c439eb8787ef65e8a6",
                "sha256:a09a4707066fe9431c6b79a1be922bc126f4bc50502ae7e9f67d40917d0cc6d4",
                "sha256:ab6abc2083013dd86a8fcba2ba16bab00690cb81db62588781d656572809c9a9",
                "sha256:b064211a4d86fc8009ef90c66d1443ba4a0c56d481659e085a190299569955e3",
                "sha256:b49caeb170e54cc59863017a199667a51526bd906bcd5ee340fcf0e01bd7fa94",
                "sha256:c1833829526ce8f5177a3e07554b6c98c194072f66f018839ecd1ef2d15e6c4a",
                "sha256:c9b0283776085cb2804efff73e9955ca279ba4edafd58d3ead70b61d209c4fbb",
                "sha256:d910a24f536f926bd56fb30d6f17ae8b89a1406e105087a49e014e000b00e8db",
                "sha256:ed6a909a78e29a4056e30f918a26b231e33edc77bd785bbceb461877baf9feb5",
                "sha256:f4b4b2da8c1b4f7c212742d2be03aa9277d46fd7b309025d930ad554e5739932"
            ],
            "index": "pypi",
            "version": "==1.13.1"
        },
        "olefile": {
            "hashes": [
                "sha256:61f2ca0cd0aa77279eb943c07f607438edf374096b66332fae1ee64a6f0f73ad"
            ],
            "index": "pypi",
            "version": "==0.44"
        },
        "pillow": {
            "hashes": [
                "sha256:19d1cc97bad8ace5d601f0a52680d9f9228b5a326ac4f710da931179681f2099",
                "sha256:1abe01535e3afab9360a81e7cd2ed33379a60a96c944b153a82235b7cef71fdb",
                "sha256:1cd69367c8f758692d619145bdafbdce5d9076e997d0280c1cc5093159406036",
                "sha256:20a3c42e67af2d7cebf4c71b27efe30dd4621e135e9457abc80d0117631883d3",
                "sha256:2136371b355be76e9d0360b1d16d87d303bcaa59b5107ee061cdc8f71b7c8e0f",
                "sha256:24e8bef1269598ef8f1f418575b12a15bb1a019ea177ad9445b197b8f209a7c8",
                "sha256:26861f6549e6d2133ca2d2db58e16459d8ac83e71616722e07ab267f7c010c15",
                "sha256:3c7274c0f2468c30c1698e1ccd19d7a6df32a4aa98fddf5b886c8e870c4b82fb",
                "sha256:3f265e43a0a93d2273138b5b2290d09927c253c49a166888ac15eda1a166e38a",
                "sha256:460702ebd8b025d949520c346e7a42cc830a453af30bbb7f50273e42c88615f0",
                "sha256:471f9e5b18277aa305c7024064ef0c9064bf8b819d46caac83bfae034ca90c03",
                "sha256:4757ad2eee627dca861289291512e66292ce535c2bc79210321c440381cf0901",
                "sha256:4be38c9ad2915e72579140d4fa3b79cccde29e8abe61ec2f8075d7a4f36b38df",
                "sha256:5b90cb8261a869353256f027daf8a5615e9e441980399808a25b7236a9c57098",
                "sha256:5bf88e8144a9ad520a452a34adbf4dd92cbbcb9899c2e4f4b387957966291f21",
                "sha256:5e46edde8f40c64ff497dd8cca959f38007e85acd5158252d68c8a0798fc2776",
                "sha256:6d3e1f98dfcba332000441f465ec585e7c834aa648e4a83f73ec1b807083a756",
                "sha256:7835c575bf744b2a6e5d48c480a37662b0ca247e9e54b217f6815fe57d6c5f9d",
                "sha256:795d41c6b6920907650ae1936e1e0b305ad5f4088deb9c3e9079d59fe60dbf4b",
                "sha256:7ff60c2ca880715fa9b36315932d9ff5838d05ebf2ea2b06c48a09c33be94684",
                "sha256:8197f06f2741310820d7a05add26418aee8e8f353bf6665a12ba9ad89a965a1d",
                "sha256:8218acb51e20ac2cbdc1358be48cbab72e36ebd47f2ba7367542296ef13470ea",
                "sha256:8fd9376fcce33902851642d013101a7e2f7b5d3e05bd98b960b62f1be72d7a65",
                "sha256:902d826f1f78f9d556c85bdfb776758eeabd28c9cf7a23dffd02a66678bd48d1",
                "sha256:99162bcec9d7d133da161d03b3423490418babf72be5dccd752852f409d00804",
                "sha256:a0d7888a64a9ab8c88410d2c235fb4685564dd07ec81a4b80b380d645f124f4d",
                "sha256:a168145bb95d3cedf7831eab05aa9ae2756a2ce900c281d281f76e64358caa09",
                "sha256:a1ba195e4f07e94c1c44cd651070b2b7d8328ef1bdccbee15549e684016df337",
                "sha256:a46df9776718170694dc20afc001baf6284506db8d150f54c089fabe82933b24",
                "sha256:a810b66a14500e203da8299b0e93c157b283a8baf81a9a631487d1b6890fb09f",
                "sha256:b818331ade410c660f754b489fd1bc5ff03b65d211746d1fa8537d60349eee75",
                "sha256:b8f8f50e2f1d85adec833607fed1f210962068e7807c62f266f3e53a0d81ac87",
                "sha256:bec34b7a66edc4ff92e5aed912cb4ebad6fe14e8a579f19ddcd8b352d76360a1",
                "sha256:c5fea3cf941e930df70b7e2fed65a411b80b674e1c71b8ae1ce84aba45e18d71",
                "sha256:c70b629025dc753b59c11b5f14d5522ef94dddd31a8fb03c449e8adfabdf482d",
                "sha256:c724f65870e545316f9e82e4c6d608ab5aa9dd82d5185e5b2e72119378740073",
                "sha256:c7ba8b42923c1b5e72fe3b0aa792de8ffc13c5a3d4df8e88f06959d0835fea8e",
                "sha256:c9441bcd6c6830f48d949bf0367ba2ee97b9f152a152378c5b4aa4183884c205",
                "sha256:caad21c655bf4627bcd4db8e48c6a965ea428339ab43ac3e41af9fbc58e8bde7",
                "sha256:d24423abff2c32f68e53371bbab2e3f1c7383138b04bfdae2291dfbbe7aeddf4",
                "sha256:d6ee5856903740f3f6878f7d9df3717a539cb2687e9205d7005399250f5de14f",
                "sha256:d95e55d237a7dfe422ac47e1b384eec2b306d06adb0f19486c08d760e5a6eb63",
                "sha256:e07f388cf345b002853eabb720c234b281119cf4c2677d7e0b9ec4d8f9a18fbd",
                "sha256:f3b444e683f269b9ca64c0c313ed140b3c3ff65280597b788815227423e0abfd",
                "sha256:fcb44ce29eaa1ea4c98d9b8e50544b521b794be1b746d6a457a26a07dfb01ef2",
                "sha256:fd2648a3bfd95a2a06625c03852523bb6eec6b9fde6a647b989c73719a099cc4",
                "sha256:fdc3bebc9d02632dadfdffabb442518e6f56df9fbb7b12eb7192e45982ee5531"
            ],
            "index": "pypi",
            "version": "==4.2.1"
        },
        "protobuf": {
            "hashes": [
                "sha256:14fa1f2f608c2906f7a703fd59efd0a40b4ff853e7f113469a7611444de8de6d",
                "sha256:1cbcee2c45773f57cb6de7ee0eceb97f92b9b69c0178305509b162c0160c1f04",
                "sha256:3581f428907a75e56ac39868406e0fb13572642991c12ec1a05be9d70d3715b3",
                "sha256:7e140559de4e438261474b84548808d7a447c05f55524ca34ef6dbe7f1c3cf7c",
                "sha256:88b8799070cbb97a6aa1b26e1120d261152b8a0821fc9991b69e8e5f2c0bf378",
                "sha256:be78090d785974a1942eb3e7dac2d52fdf4bfc865b99bffe1ac0a2b6d5e86f8b"
            ],
            "index": "pypi",
            "version": "==3.3.0"
        },
        "pyparsing": {
            "hashes": [
                "sha256:0832bcf47acd283788593e7a0f542407bd9550a55a8a8435214a1960e04bcb04",
                "sha256:281683241b25fe9b80ec9d66017485f6deff1af5cde372469134b56ca8447a07",
                "sha256:8f1e18d3fd36c6795bb7e02a39fd05c611ffc2596c1e0d995d34d67630426c18",
                "sha256:9e8143a3e15c13713506886badd96ca4b579a87fbdf49e550dbfc057d6cb218e",
                "sha256:b8b3117ed9bdf45e14dcc89345ce638ec7e0e29b2b579fa1ecf32ce45ebac8a5",
                "sha256:e4d45427c6e20a59bf4f88c639dcc03ce30d193112047f94012102f235853a58",
                "sha256:fee43f17a9c4087e7ed1605bd6df994c6173c1e977d7ade7b651292fab2bd010"
            ],
            "index": "pypi",
            "version": "==2.2.0"
        },
        "python-dateutil": {
            "hashes": [
                "sha256:891c38b2a02f5bb1be3e4793866c8df49c7d19baabf9c1bad62547e0b4866aca",
                "sha256:95511bae634d69bc7329ba55e646499a842bc4ec342ad54a8cdb65645a0aad3c"
            ],
            "index": "pypi",
            "version": "==2.6.1"
        },
        "pytz": {
            "hashes": [
                "sha256:03c9962afe00e503e2d96abab4e8998a0f84d4230fa57afe1e0528473698cdd9",
                "sha256:39504670abb5dae77f56f8eb63823937ce727d7cdd0088e6909e6dcac0f89043",
                "sha256:43f52d4c6a0be301d53ebd867de05e2926c35728b3260157d274635a0a947f1c",
                "sha256:487e7d50710661116325747a9cd1744d3323f8e49748e287bc9e659060ec6bf9",
                "sha256:54a935085f7bf101f86b2aff75bd9672b435f51c3339db2ff616e66845f2b8f9",
                "sha256:c883c2d6670042c7bc1688645cac73dd2b03193d1f7a6847b6154e96890be06d",
                "sha256:d1d6729c85acea5423671382868627129432fba9a89ecbb248d8d1c7a9f01c67",
                "sha256:ddc93b6d41cfb81266a27d23a79e13805d4a5521032b512643af8729041a81b4",
                "sha256:f5c056e8f62d45ba8215e5cb8f50dfccb198b4b9fbea8500674f3443e4689589"
            ],
            "index": "pypi",
            "version": "==2017.2"
        },
        "pywavelets": {
            "hashes": [
                "sha256:012dfae798fb7f6e522d0c9789ce73b442d2fe98396a6091adfacd1b24d4ae2f",
                "sha256:09f42f82ecc1be2f293f83f4e9c55866272cf9f92ac7a3b72705cba7512bd723",
                "sha256:15ae04312c007501b316d24de41f8df9c2a0fa7089e3724d584cd7b1cfd8fcae",
                "sha256:1b9f0af21aa8b211cda4ff4083478a9fb66ad5a3f2c06300ac84fd9377d95dfc",
                "sha256:1d9094b9e5204e446b7ea750b4f5f0bec8d62f2abd740484addde593cfe8c4d5",
                "sha256:2e596bbc4e9bc0a544cecdb1c2355ebda73e5a5afc25b20dfa2cded8ef20c94c",
                "sha256:30782f2f38d7b89cd6c0562bba70d6cdd14eeac53d9164ee58d2a21714f34047",
                "sha256:3cdf80fec5d93ccf5d529e4a481a4a318b14b44624cc8857686e7c682f73e706",
                "sha256:4c4aa204cc2cee71f5ed1302caa69a0a5e1d2b36ad56997b7f64e56cf8415a78",
                "sha256:50f386b422cd7005b8f69fc20d1502182d80e5b9f7345d5ca4b9ff640364d77d",
                "sha256:5bc9546c6f3d1af03d0d8d7a58459115cb526c337317f64f13486e0be96a51a7",
                "sha256:5e78b45c8726249df7225da1cf1d08e07ca4d84dd66d49182f23b090f48e21dc",
                "sha256:6607067b46ecbac6f6f2ebca83bcc20e51d77c022c6f033f62b9ec173eee5f60",
                "sha256:8287961e62f4049491b4ae6d64da71bf98acdbbe593a62c6ceb0be5f06f4d253",
                "sha256:9d8729b972943cbd1849a75beb6a87878eb3f9fa9639d027f240d25c4269ae84",
                "sha256:b326fd1788beaf11cb14c7c336808f46a01c43e40294070a906eedd865b67d5f",
                "sha256:c8795dcabedf97b3ad4978102140c40ab8f22579eb1e7516d251d57a58dd46c1",
                "sha256:ce36e2f0648ea1781490b09515363f1f64446b0eac524603e5db5e180113bed9",
                "sha256:d69289039d7eb2ebc3275db7bf13d34df0c1bdf51955466a8ef792a309aaf0fe",
                "sha256:e6cf3644166884a35fe45c1027cbc76bcdd5c17a74b013f51f54e73a522b1393",
                "sha256:eb7f30782ba48cd06b957f6c7728bdcdcc3159b7805bdbd362370d8f5cb81603",
                "sha256:ebb3b3f460b1bd5214c49c18ee20971c8efffb9fa482fce0687be1630202cd65",
                "sha256:f801fa177f2756da4d7c25ff49f0f09bf56adbdfb1e05582f377948d2faf18de"
            ],
            "index": "pypi",
            "version": "==0.5.2"
        },
        "scikit-image": {
            "hashes": [
                "sha256:076d016d63bc7b9e80f94935bee06df0db08f5439d8fdc8fcc1de7993363ea26",
                "sha256:4f444b402a47cd72f8cb6c199e77b3ebdfb42d84a7b7679054df3491b943cc1a",
                "sha256:5427094484d8ce3fff46c3a236a45503e3bd8f4d7fd0c80dd60669bf59aedb96",
                "sha256:6db6131a8690593998b794b3658e39673b74f8a5c2bf9cd609cf99f9cf4e0ad4",
                "sha256:77a636bdc08c7668a15951894548c527f0c8c5c2abc86cb850de17551af51e3e",
                "sha256:995a0d22f2b91ebd0a25a045fe291042254f88e41fff5202a702c0372b674ca5",
                "sha256:c3e7d08b7657323902930b80156a2f956f5ca9cfa3ddfc94699bf00c8e95ae0e",
                "sha256:d77b3f7a0ac714de4f7a5b8c28e1bf41ba886253fbfc6c5db7f992264be16ce6",
                "sha256:f39700c8e859939740887435ad61b84e53894c4877f3bd94af97a335a556066b",
                "sha256:f8612d2d1dd66461791da6a80fa27e0cbced1790fa4e32555db785aed4892f81"
            ],
            "index": "pypi",
            "version": "==0.13.0"
        },
        "scipy": {
            "hashes": [
                "sha256:023ee29faa76c184a607e21076f097dc32f3abba7c71ece374588f95920aa993",
                "sha256:1e8fedf602859b541ebae78667ccfc53158edef58d9ee19ee659309004565952",
                "sha256:2a26d06a642e3c9107ca06df125f5dc5507abe2b87fd7865415d03ab654b0b43",
                "sha256:2a3b6ceadbb58d8b8d4a329f8219f9e6f17757ec6c85baf03987bbd2b728c263",
                "sha256:2c9e87d556b83a8e11de7a064856c3997bbaff7f9cf62bf63ff0623751549e4c",
                "sha256:2dc9bcfaa585d9d941fb1add0d160556fe8587c3800264a77643695565a2d279",
                "sha256:4118647273c907ed984da52b71fa2bbb30229f1820fb79b1ed087c8bc9a20cca",
                "sha256:4c26ef44e8bb2cd2aef11c60d163caa04670d6f42996789b209526677310ded2",
                "sha256:4de84e3870228e8afd55a6e63e762aa7c9d1e3bd9a9ef5ab716835a69c77d257",
                "sha256:78713101b32af384c564837fd7ae665a2a72cb6d49edbd8f32148d74724a65a8",
                "sha256:909be30bdd1d8cd57609760ea72a1499543169ed6ea5c66fad50946582682cf8",
                "sha256:93825cc80c638d901099f657dfff852ad2421beb51cb7d1d3f91157741ebe287",
                "sha256:a19a2ca7a7336495ec180adeaa0dfdcf41e96dbbee90d51c3ed828ba570884e6",
                "sha256:b3e97be2cd9f052d984fc5ba2d441897971b744c64d658617944c47bc366f8ff",
                "sha256:b87a923ed390ba0aafcbbcc6f0e023d495f19d2bd22ae59bdef3b0aec6485b39"
            ],
            "index": "pypi",
            "version": "==0.19.1"
        },
        "six": {
            "hashes": [
                "sha256:0ff78c403d9bccf5a425a6d31a12aa6b47f1c21ca4dc2573a7e2f32a97335eb1",
                "sha256:105f8d68616f8248e24bf0e9372ef04d3cc10104f1980f54d57b2ce73a5ad56a"
            ],
            "index": "pypi",
            "version": "==1.10.0"
        },
        "tensorflow-gpu": {
            "hashes": [
                "sha256:21707e62e773f97342f1f9715612216fcc002ef17127e4c9374fa7f2f4bc73c2",
                "sha256:8a63ebcb0d5d78522f9c3a15b8c43b9d436f3e1e4e41c639a8ba85fe45591c4e",
                "sha256:bfb253248e886ac327139c28e0d43f48c2cdf72b7a0bd73a08dbc43322f16f63",
                "sha256:c1cbec89b9b9dd90b754f73bff6fbdafb739f07e908793b7390b383049a9b290",
                "sha256:db0a659c628e6b56af613b8a2ff012c5fc84482424e16dbad4921d2960bc7093",
                "sha256:e13537b28d41b22c0ed83b8aa82b985db130dce1596a9b53489f92d9d4812784",
                "sha256:f8e4b160ee6fe673696e08b65a44dba26f90d3c9f0d89ba65634fe406192046e"
            ],
            "index": "pypi",
            "version": "==1.2.1"
        },
        "werkzeug": {
            "hashes": [
                "sha256:903a7b87b74635244548b30d30db4c8947fe64c5198f58899ddcd3a13c23bb26",
                "sha256:e8549c143af3ce6559699a01e26fa4174f4c591dbee0a499f3cd4c3781cdec3d"
            ],
            "index": "pypi",
            "version": "==0.12.2"
        },
        "wheel": {
            "hashes": [
                "sha256:0a2e54558a0628f2145d2fc822137e322412115173e8a2ddbe1c9024338ae83c",
                "sha256:80044e51ec5bbf6c894ba0bc48d26a8c20a9ba629f4ca19ea26ecfcf87685f5f"
            ],
            "version": "==0.31.1"
        }
    },
    "develop": {}
}
